
Microsoft Visual Studio Solution File, Format Version 12.00
# Visual Studio Version 17
VisualStudioVersion = 17.3.32804.467
MinimumVisualStudioVersion = 10.0.40219.1
Project("{FAE04EC0-301F-11D3-BF4B-00C04F79EFBC}") = "APICatalogo", "APICatalogo\APICatalogo.csproj", "{6B724D7A-6FEF-4F56-9F8F-A29101B0A148}"
EndProject
Global
	GlobalSection(SolutionConfigurationPlatforms) = preSolution
		Debug|Any CPU = Debug|Any CPU
		Release|Any CPU = Release|Any CPU
	EndGlobalSection
	GlobalSection(ProjectConfigurationPlatforms) = postSolution
		{6B724D7A-6FEF-4F56-9F8F-A29101B0A148}.Debug|Any CPU.ActiveCfg = Debug|Any CPU
		{6B724D7A-6FEF-4F56-9F8F-A29101B0A148}.Debug|Any CPU.Build.0 = Debug|Any CPU
		{6B724D7A-6FEF-4F56-9F8F-A29101B0A148}.Release|Any CPU.ActiveCfg = Release|Any CPU
		{6B724D7A-6FEF-4F56-9F8F-A29101B0A148}.Release|Any CPU.Build.0 = Release|Any CPU
	EndGlobalSection
	GlobalSection(SolutionProperties) = preSolution
		HideSolutionNode = FALSE
	EndGlobalSection
	GlobalSection(ExtensibilityGlobals) = postSolution
		SolutionGuid = {90E13EE4-23AF-42A1-98AB-158043C27BA1}
	EndGlobalSection
EndGlobal
